
Microsoft Visual Studio Solution File, Format Version 12.00
# Visual Studio Version 16
VisualStudioVersion = 16.0.30907.101
MinimumVisualStudioVersion = 10.0.40219.1
Project("{FAE04EC0-301F-11D3-BF4B-00C04F79EFBC}") = "WizLib", "WizLib\WizLib.csproj", "{62477990-A480-4D50-93A8-09D557DE9AC4}"
EndProject
Project("{FAE04EC0-301F-11D3-BF4B-00C04F79EFBC}") = "WizLib_DataAccess", "WizLib_DataAccess\WizLib_DataAccess.csproj", "{B7D5AF1A-1EFC-4A3F-B093-3E826BEB7E85}"
EndProject
Project("{FAE04EC0-301F-11D3-BF4B-00C04F79EFBC}") = "WizLib_Model", "WizLib_Model\WizLib_Model.csproj", "{BD794E19-D2B0-48BB-BEEC-AAA5BAB1A01D}"
EndProject
Global
	GlobalSection(SolutionConfigurationPlatforms) = preSolution
		Debug|Any CPU = Debug|Any CPU
		Release|Any CPU = Release|Any CPU
	EndGlobalSection
	GlobalSection(ProjectConfigurationPlatforms) = postSolution
		{62477990-A480-4D50-93A8-09D557DE9AC4}.Debug|Any CPU.ActiveCfg = Debug|Any CPU
		{62477990-A480-4D50-93A8-09D557DE9AC4}.Debug|Any CPU.Build.0 = Debug|Any CPU
		{62477990-A480-4D50-93A8-09D557DE9AC4}.Release|Any CPU.ActiveCfg = Release|Any CPU
		{62477990-A480-4D50-93A8-09D557DE9AC4}.Release|Any CPU.Build.0 = Release|Any CPU
		{B7D5AF1A-1EFC-4A3F-B093-3E826BEB7E85}.Debug|Any CPU.ActiveCfg = Debug|Any CPU
		{B7D5AF1A-1EFC-4A3F-B093-3E826BEB7E85}.Debug|Any CPU.Build.0 = Debug|Any CPU
		{B7D5AF1A-1EFC-4A3F-B093-3E826BEB7E85}.Release|Any CPU.ActiveCfg = Release|Any CPU
		{B7D5AF1A-1EFC-4A3F-B093-3E826BEB7E85}.Release|Any CPU.Build.0 = Release|Any CPU
		{BD794E19-D2B0-48BB-BEEC-AAA5BAB1A01D}.Debug|Any CPU.ActiveCfg = Debug|Any CPU
		{BD794E19-D2B0-48BB-BEEC-AAA5BAB1A01D}.Debug|Any CPU.Build.0 = Debug|Any CPU
		{BD794E19-D2B0-48BB-BEEC-AAA5BAB1A01D}.Release|Any CPU.ActiveCfg = Release|Any CPU
		{BD794E19-D2B0-48BB-BEEC-AAA5BAB1A01D}.Release|Any CPU.Build.0 = Release|Any CPU
	EndGlobalSection
	GlobalSection(SolutionProperties) = preSolution
		HideSolutionNode = FALSE
	EndGlobalSection
	GlobalSection(ExtensibilityGlobals) = postSolution
		SolutionGuid = {E09D6E55-7578-4E86-A900-5C05D6FC108A}
	EndGlobalSection
EndGlobal
